version = 1
revision = 3
requires-python = ">=3.12"

[[package]]
name = "astroid"
version = "4.0.3"
source = { registry = "https://pypi.org/simple" }
sdist = { url = "https://files.pythonhosted.org/packages/a1/ca/c17d0f83016532a1ad87d1de96837164c99d47a3b6bbba28bd597c25b37a/astroid-4.0.3.tar.gz", hash = "sha256:08d1de40d251cc3dc4a7a12726721d475ac189e4e583d596ece7422bc176bda3", size = 406224, upload-time = "2026-01-03T22:14:26.096Z" }
wheels = [
    { url = "https://files.pythonhosted.org/packages/ce/66/686ac4fc6ef48f5bacde625adac698f41d5316a9753c2b20bb0931c9d4e2/astroid-4.0.3-py3-none-any.whl", hash = "sha256:864a0a34af1bd70e1049ba1e61cee843a7252c826d97825fcee9b2fcbd9e1b14", size = 276443, upload-time = "2026-01-03T22:14:24.412Z" },
]

[[package]]
name = "charmed-hpc-libs"
version = "0.1.0"
source = { editable = "." }

[package.optional-dependencies]
all = [
    { name = "ops" },
    { name = "python-dotenv" },
    { name = "pyyaml" },
]
dev = [
    { name = "codespell" },
    { name = "coverage" },
    { name = "flake8" },
    { name = "ops", extra = ["testing"] },
    { name = "pyfakefs" },
    { name = "pylint" },
    { name = "pyright" },
    { name = "pytest" },
    { name = "pytest-mock" },
    { name = "pytest-order" },
    { name = "python-dotenv" },
    { name = "pyyaml" },
    { name = "ruff" },
]
interfaces = [
    { name = "ops" },
]
ops = [
    { name = "python-dotenv" },
    { name = "pyyaml" },
]

[package.metadata]
requires-dist = [
    { name = "charmed-hpc-libs", extras = ["all"], marker = "extra == 'dev'" },
    { name = "charmed-hpc-libs", extras = ["errors"], marker = "extra == 'all'" },
    { name = "charmed-hpc-libs", extras = ["interfaces"], marker = "extra == 'all'" },
    { name = "charmed-hpc-libs", extras = ["ops"], marker = "extra == 'all'" },
    { name = "codespell", marker = "extra == 'dev'" },
    { name = "coverage", extras = ["toml"], marker = "extra == 'dev'", specifier = "~=7.6" },
    { name = "flake8", marker = "extra == 'dev'" },
    { name = "ops", marker = "extra == 'interfaces'", specifier = "~=3.0" },
    { name = "ops", extras = ["testing"], marker = "extra == 'dev'", specifier = "~=3.0" },
    { name = "pyfakefs", marker = "extra == 'dev'", specifier = "~=5.9" },
    { name = "pylint", marker = "extra == 'dev'" },
    { name = "pyright", marker = "extra == 'dev'" },
    { name = "pytest", marker = "extra == 'dev'" },
    { name = "pytest", marker = "extra == 'dev'", specifier = "~=8.3" },
    { name = "pytest-mock", marker = "extra == 'dev'", specifier = "~=3.14" },
    { name = "pytest-order", marker = "extra == 'dev'", specifier = "~=1.3" },
    { name = "python-dotenv", marker = "extra == 'ops'", specifier = "~=1.1.1" },
    { name = "pyyaml", marker = "extra == 'dev'" },
    { name = "pyyaml", marker = "extra == 'ops'", specifier = ">=6.0.2" },
    { name = "ruff", marker = "extra == 'dev'" },
]
provides-extras = ["errors", "interfaces", "ops", "all", "dev"]

[[package]]
name = "codespell"
version = "2.4.1"
source = { registry = "https://pypi.org/simple" }
sdist = { url = "https://files.pythonhosted.org/packages/15/e0/709453393c0ea77d007d907dd436b3ee262e28b30995ea1aa36c6ffbccaf/codespell-2.4.1.tar.gz", hash = "sha256:299fcdcb09d23e81e35a671bbe746d5ad7e8385972e65dbb833a2eaac33c01e5", size = 344740, upload-time = "2025-01-28T18:52:39.411Z" }
wheels = [
    { url = "https://files.pythonhosted.org/packages/20/01/b394922252051e97aab231d416c86da3d8a6d781eeadcdca1082867de64e/codespell-2.4.1-py3-none-any.whl", hash = "sha256:3dadafa67df7e4a3dbf51e0d7315061b80d265f9552ebd699b3dd6834b47e425", size = 344501, upload-time = "2025-01-28T18:52:37.057Z" },
]

[[package]]
name = "colorama"
version = "0.4.6"
source = { registry = "https://pypi.org/simple" }
sdist = { url = "https://files.pythonhosted.org/packages/d8/53/6f443c9a4a8358a93a6792e2acffb9d9d5cb0a5cfd8802644b7b1c9a02e4/colorama-0.4.6.tar.gz", hash = "sha256:08695f5cb7ed6e0531a20572697297273c47b8cae5a63ffc6d6ed5c201be6e44", size = 27697, upload-time = "2022-10-25T02:36:22.414Z" }
wheels = [
    { url = "https://files.pythonhosted.org/packages/d1/d6/3965ed04c63042e047cb6a3e6ed1a63a35087b6a609aa3a15ed8ac56c221/colorama-0.4.6-py2.py3-none-any.whl", hash = "sha256:4f1d9991f5acc0ca119f9d443620b77f9d6b33703e51011c16baf57afb285fc6", size = 25335, upload-time = "2022-10-25T02:36:20.889Z" },
]

[[package]]
name = "coverage"
version = "7.9.0"
source = { registry = "https://pypi.org/simple" }
sdist = { url = "https://files.pythonhosted.org/packages/06/d1/7b18a2e0d2994e4e108dadf16580ec192e0a9c65f7456ccb82ced059f9bf/coverage-7.9.0.tar.gz", hash = "sha256:1a93b43de2233a7670a8bf2520fed8ebd5eea6a65b47417500a9d882b0533fa2", size = 813385, upload-time = "2025-06-11T23:23:34.004Z" }
wheels = [
    { url = "https://files.pythonhosted.org/packages/dd/6b/7bdef79e79076c7e3303ce2453072528ed13988210fb7a8702bb3d98ea8c/coverage-7.9.0-cp312-cp312-macosx_10_13_x86_64.whl", hash = "sha256:969ed1ed0ab0325b50af3204f9024782180e64fb281f5a2952f479ec60a02aba", size = 212252, upload-time = "2025-06-11T23:22:20.662Z" },
    { url = "https://files.pythonhosted.org/packages/08/fe/7e08dd50c3c3cfdbe822ee11e24da9f418983faefb4f5e52fbffae5beeb2/coverage-7.9.0-cp312-cp312-macosx_11_0_arm64.whl", hash = "sha256:1abd41781c874e716aaeecb8b27db5f4f2bc568f2ed8d41228aa087d567674f0", size = 212491, upload-time = "2025-06-11T23:22:22.002Z" },
    { url = "https://files.pythonhosted.org/packages/d4/65/9793cf61b3e4c5647e70aabd5b9470958ffd341c42f90730beeb4d21af9c/coverage-7.9.0-cp312-cp312-manylinux_2_17_aarch64.manylinux2014_aarch64.whl", hash = "sha256:0eb6e99487dffd28c88a4fc2ea4286beaf0207a43388775900c93e56cc5a8ae3", size = 246294, upload-time = "2025-06-11T23:22:23.297Z" },
    { url = "https://files.pythonhosted.org/packages/2a/c9/fc61695132da06a34b27a49e853010a80d66a5534a1dfa770cb38aca71c0/coverage-7.9.0-cp312-cp312-manylinux_2_5_i686.manylinux1_i686.manylinux_2_17_i686.manylinux2014_i686.whl", hash = "sha256:c425c85ddb62b32d44f83fb20044fe32edceceee1db1f978c062eec020a73ea5", size = 243311, upload-time = "2025-06-11T23:22:24.966Z" },
    { url = "https://files.pythonhosted.org/packages/62/0e/559a86887580d0de390e018bddfa632ae0762eeeb065bb5557f319071527/coverage-7.9.0-cp312-cp312-manylinux_2_5_x86_64.manylinux1_x86_64.manylinux_2_17_x86_64.manylinux2014_x86_64.whl", hash = "sha256:d0a1f7676bc90ceba67caa66850d689947d586f204ccf6478400c2bf39da5790", size = 245503, upload-time = "2025-06-11T23:22:26.316Z" },
    { url = "https://files.pythonhosted.org/packages/45/09/344d012dc91e60b8c7afee11ffae18338780c703a5b5fb32d8d82987e7cb/coverage-7.9.0-cp312-cp312-musllinux_1_2_aarch64.whl", hash = "sha256:f17055c50768d710d6abc789c9469d0353574780935e1381b83e63edc49ff530", size = 245313, upload-time = "2025-06-11T23:22:27.936Z" },
    { url = "https://files.pythonhosted.org/packages/d2/2d/151b23e82aaea28aa7e3c0390d893bd1aef685866132aad36034f7d462b8/coverage-7.9.0-cp312-cp312-musllinux_1_2_i686.whl", hash = "sha256:298d2917a6bfadbb272e08545ed026af3965e4d2fe71e3f38bf0a816818b226e", size = 243495, upload-time = "2025-06-11T23:22:29.72Z" },
    { url = "https://files.pythonhosted.org/packages/74/5c/0da7fd4ad44259b4b61bd429dc642c6511314a356ffa782b924bd1ea9e5c/coverage-7.9.0-cp312-cp312-musllinux_1_2_x86_64.whl", hash = "sha256:d9be5d26e5f817d478506e4d3c4ff7b92f17d980670b4791bf05baaa37ce2f88", size = 244727, upload-time = "2025-06-11T23:22:31.112Z" },
    { url = "https://files.pythonhosted.org/packages/de/08/6ccf2847c5c0d8fcc153bd8f4341d89ab50c85e01a15cabe4a546d3e943e/coverage-7.9.0-cp312-cp312-win32.whl", hash = "sha256:dc2784edd9ac9fe8692fc5505667deb0b05d895c016aaaf641031ed4a5f93d53", size = 214636, upload-time = "2025-06-11T23:22:33.257Z" },
    { url = "https://files.pythonhosted.org/packages/79/fa/ae2c14d49475215372772f7638c333deaaacda8f3c5717a75377d1992c82/coverage-7.9.0-cp312-cp312-win_amd64.whl", hash = "sha256:18223198464a6d5549db1934cf77a15deb24bb88652c4f5f7cb21cd3ad853704", size = 215448, upload-time = "2025-06-11T23:22:35.125Z" },
    { url = "https://files.pythonhosted.org/packages/62/a9/45309219ba08b89cae84b2cb4ccfed8f941850aa7721c4914282fb3c1081/coverage-7.9.0-cp312-cp312-win_arm64.whl", hash = "sha256:3b00194ff3c84d4b821822ff6c041f245fc55d0d5c7833fc4311d082e97595e8", size = 213817, upload-time = "2025-06-11T23:22:36.557Z" },
    { url = "https://files.pythonhosted.org/packages/0b/59/449eb05f795d0050007b57a4efee79b540fa6fcccad813a191351964a001/coverage-7.9.0-cp313-cp313-macosx_10_13_x86_64.whl", hash = "sha256:122c60e92ab66c9c88e17565f67a91b3b3be5617cb50f73cfd34a4c60ed4aab0", size = 212271, upload-time = "2025-06-11T23:22:38.305Z" },
    { url = "https://files.pythonhosted.org/packages/e0/3b/26852a4fb719a6007b0169c1b52116ed14b61267f0bf3ba1e23db516f352/coverage-7.9.0-cp313-cp313-macosx_11_0_arm64.whl", hash = "sha256:813c11b367a6b3cf37212ec36b230f8d086c22b69dbf62877b40939fb2c79e74", size = 212538, upload-time = "2025-06-11T23:22:39.665Z" },
    { url = "https://files.pythonhosted.org/packages/f6/80/99f82896119f36984a5b9189e71c7310fc036613276560b5884b5ee890d7/coverage-7.9.0-cp313-cp313-manylinux_2_17_aarch64.manylinux2014_aarch64.whl", hash = "sha256:3f05e0f5e87f23d43fefe49e86655c6209dd4f9f034786b983e6803cf4554183", size = 245705, upload-time = "2025-06-11T23:22:41.103Z" },
    { url = "https://files.pythonhosted.org/packages/a9/29/0b007deb096dd527c42e933129a8e4d5f9f1026f4953979c3a1e60e7ea9f/coverage-7.9.0-cp313-cp313-manylinux_2_5_i686.manylinux1_i686.manylinux_2_17_i686.manylinux2014_i686.whl", hash = "sha256:62f465886fa4f86d5515da525aead97c5dff13a5cf997fc4c5097a1a59e063b2", size = 242918, upload-time = "2025-06-11T23:22:42.88Z" },
    { url = "https://files.pythonhosted.org/packages/6f/eb/273855b57c7fb387dd9787f250b8b333ba8c1c100877c21e32eb1b24ff29/coverage-7.9.0-cp313-cp313-manylinux_2_5_x86_64.manylinux1_x86_64.manylinux_2_17_x86_64.manylinux2014_x86_64.whl", hash = "sha256:549ea4ca901595bbe3270e1afdef98bf5d4d5791596efbdc90b00449a2bb1f91", size = 244902, upload-time = "2025-06-11T23:22:44.563Z" },
    { url = "https://files.pythonhosted.org/packages/20/57/4e411b47dbfd831538ecf9e5f407e42888b0c56aedbfe0ea7b102a787559/coverage-7.9.0-cp313-cp313-musllinux_1_2_aarch64.whl", hash = "sha256:8cae1d4450945c74a6a65a09864ed3eaa917055cf70aa65f83ac1b9b0d8d5f9a", size = 245069, upload-time = "2025-06-11T23:22:46.352Z" },
    { url = "https://files.pythonhosted.org/packages/91/75/b24cf5703fb325fc4b1899d89984dac117b99e757b9fadd525cad7ecc020/coverage-7.9.0-cp313-cp313-musllinux_1_2_i686.whl", hash = "sha256:d7b263910234c0d5ec913ec79ca921152fe874b805a7bcaf67118ef71708e5d2", size = 243040, upload-time = "2025-06-11T23:22:48.147Z" },
    { url = "https://files.pythonhosted.org/packages/c7/e1/9495751d5315c3d76ee2c7b5dbc1935ab891d45ad585e1910a333dbdef43/coverage-7.9.0-cp313-cp313-musllinux_1_2_x86_64.whl", hash = "sha256:7d7b7425215963da8f5968096a20c5b5c9af4a86a950fcc25dcc2177ab33e9e5", size = 244424, upload-time = "2025-06-11T23:22:49.574Z" },
    { url = "https://files.pythonhosted.org/packages/94/2a/ee504188a586da2379939f37fdc69047d9c46d35c34d1196f2605974a17d/coverage-7.9.0-cp313-cp313-win32.whl", hash = "sha256:e7dcfa92867b0c53d2e22e985c66af946dc09e8bb13c556709e396e90a0adf5c", size = 214677, upload-time = "2025-06-11T23:22:51.394Z" },
    { url = "https://files.pythonhosted.org/packages/80/2b/5eab6518643c7560fe180ba5e0f35a0be3d4fc0a88aa6601120407b1fd03/coverage-7.9.0-cp313-cp313-win_amd64.whl", hash = "sha256:aa34ca040785a2b768da489df0c036364d47a6c1c00bdd8f662b98fd3277d3d4", size = 215482, upload-time = "2025-06-11T23:22:53.151Z" },
    { url = "https://files.pythonhosted.org/packages/fd/7f/9c9c8b736c4f40d7247bea8339afac40d8f6465491440608b3d73c10ffce/coverage-7.9.0-cp313-cp313-win_arm64.whl", hash = "sha256:9c5dcb5cd3c52d84c5f52045e1c87c16bf189c2fbfa57cc0d811a3b4059939df", size = 213852, upload-time = "2025-06-11T23:22:54.568Z" },
    { url = "https://files.pythonhosted.org/packages/e5/83/056464aec8b360dee6f4d7a517dc5ae5a9f462ff895ff536588b42f95b2d/coverage-7.9.0-cp313-cp313t-macosx_10_13_x86_64.whl", hash = "sha256:b52d2fdc1940f90c4572bd48211475a7b102f75a7f9a5e6cfc6e3da7dc380c44", size = 212994, upload-time = "2025-06-11T23:22:56.173Z" },
    { url = "https://files.pythonhosted.org/packages/a3/87/f0291ecaa6baaaedbd428cf8b7e1d16b5dc010718fe7739cce955149ef83/coverage-7.9.0-cp313-cp313t-macosx_11_0_arm64.whl", hash = "sha256:4cc555a3e6ceb8841df01a4634374f5f9635e661f5c307da00bce19819e8bcdf", size = 213212, upload-time = "2025-06-11T23:22:58.051Z" },
    { url = "https://files.pythonhosted.org/packages/16/a0/9eb39541774a5beb662dc4ae98fee23afb947414b6aa1443b53d2ad3ea05/coverage-7.9.0-cp313-cp313t-manylinux_2_17_aarch64.manylinux2014_aarch64.whl", hash = "sha256:244f613617876b7cd32a097788d49c952a8f1698afb25275b2a825a4e895854e", size = 256453, upload-time = "2025-06-11T23:22:59.485Z" },
    { url = "https://files.pythonhosted.org/packages/93/33/d0e99f4c809334dfed20f17234080a9003a713ddb80e33ad22697a8aa8e5/coverage-7.9.0-cp313-cp313t-manylinux_2_5_i686.manylinux1_i686.manylinux_2_17_i686.manylinux2014_i686.whl", hash = "sha256:5c335d77539e66bc6f83e8f1ef207d038129d9b9acd9dc9f0ca42fa9eedf564a", size = 252674, upload-time = "2025-06-11T23:23:00.984Z" },
    { url = "https://files.pythonhosted.org/packages/0b/3a/d2a64e7ee5eb783e44e6ca404f8fc2a45afef052ed6593afb4ce9663dae6/coverage-7.9.0-cp313-cp313t-manylinux_2_5_x86_64.manylinux1_x86_64.manylinux_2_17_x86_64.manylinux2014_x86_64.whl", hash = "sha256:6b335c7077c8da7bb8173d4f9ebd90ff1a97af6a6bec4fc4e6db4856ae80b31e", size = 254830, upload-time = "2025-06-11T23:23:02.445Z" },
    { url = "https://files.pythonhosted.org/packages/e2/6a/9de640f8e2b097d155532d1bc16eb9c5186fccc7c4b8148fe1dd2520875a/coverage-7.9.0-cp313-cp313t-musllinux_1_2_aarch64.whl", hash = "sha256:01cbc2c36895b7ab906514042c92b3fc9dd0526bf1c3251cb6aefd9c71ae6dda", size = 256060, upload-time = "2025-06-11T23:23:03.89Z" },
    { url = "https://files.pythonhosted.org/packages/07/72/928fa3583b9783fc32e3dfafb6cc0cf73bdd73d1dc41e3a973f203c6aeff/coverage-7.9.0-cp313-cp313t-musllinux_1_2_i686.whl", hash = "sha256:1ac62880a9dff0726a193ce77a1bcdd4e8491009cb3a0510d31381e8b2c46d7a", size = 254174, upload-time = "2025-06-11T23:23:05.366Z" },
    { url = "https://files.pythonhosted.org/packages/ad/01/2fd0785f8768693b748e36b442352bc26edf3391246eedcc80d480d06da1/coverage-7.9.0-cp313-cp313t-musllinux_1_2_x86_64.whl", hash = "sha256:95314eb306cf54af3d1147e27ba008cf78eed6f1309a1310772f4f05b12c9c65", size = 255011, upload-time = "2025-06-11T23:23:07.212Z" },
    { url = "https://files.pythonhosted.org/packages/b7/49/1d0120cfa24e001e0d38795388914183c48cd86fc8640ca3b01337831917/coverage-7.9.0-cp313-cp313t-win32.whl", hash = "sha256:c5cbf3ddfb68de8dc8ce33caa9321df27297a032aeaf2e99b278f183fb4ebc37", size = 215349, upload-time = "2025-06-11T23:23:09.037Z" },
    { url = "https://files.pythonhosted.org/packages/9f/48/7625c09621a206fff0b51fcbcf5d6c1162ab10a5ffa546fc132f01c9132b/coverage-7.9.0-cp313-cp313t-win_amd64.whl", hash = "sha256:e3ec9e1525eb7a0f89d31083539b398d921415d884e9f55400002a1e9fe0cf63", size = 216516, upload-time = "2025-06-11T23:23:11.083Z" },
    { url = "https://files.pythonhosted.org/packages/bb/50/048b55c34985c3aafcecb32cced3abc4291969bfd967dbcaed95cfc26b2a/coverage-7.9.0-cp313-cp313t-win_arm64.whl", hash = "sha256:a02efe6769f74245ce476e89db3d4e110db07b4c0c3d3f81728e2464bbbbcb8e", size = 214308, upload-time = "2025-06-11T23:23:12.522Z" },
    { url = "https://files.pythonhosted.org/packages/70/0d/534c1e35cb7688b5c40de93fcca07e3ddc0287659ff85cd376b1dd3f770f/coverage-7.9.0-py3-none-any.whl", hash = "sha256:79ea9a26b27c963cdf541e1eb9ac05311b012bc367d0e31816f1833b06c81c02", size = 203917, upload-time = "2025-06-11T23:23:32.413Z" },
]

[[package]]
name = "dill"
version = "0.4.1"
source = { registry = "https://pypi.org/simple" }
sdist = { url = "https://files.pythonhosted.org/packages/81/e1/56027a71e31b02ddc53c7d65b01e68edf64dea2932122fe7746a516f75d5/dill-0.4.1.tar.gz", hash = "sha256:423092df4182177d4d8ba8290c8a5b640c66ab35ec7da59ccfa00f6fa3eea5fa", size = 187315, upload-time = "2026-01-19T02:36:56.85Z" }
wheels = [
    { url = "https://files.pythonhosted.org/packages/1e/77/dc8c558f7593132cf8fefec57c4f60c83b16941c574ac5f619abb3ae7933/dill-0.4.1-py3-none-any.whl", hash = "sha256:1e1ce33e978ae97fcfcff5638477032b801c46c7c65cf717f95fbc2248f79a9d", size = 120019, upload-time = "2026-01-19T02:36:55.663Z" },
]

[[package]]
name = "flake8"
version = "7.3.0"
source = { registry = "https://pypi.org/simple" }
dependencies = [
    { name = "mccabe" },
    { name = "pycodestyle" },
    { name = "pyflakes" },
]
sdist = { url = "https://files.pythonhosted.org/packages/9b/af/fbfe3c4b5a657d79e5c47a2827a362f9e1b763336a52f926126aa6dc7123/flake8-7.3.0.tar.gz", hash = "sha256:fe044858146b9fc69b551a4b490d69cf960fcb78ad1edcb84e7fbb1b4a8e3872", size = 48326, upload-time = "2025-06-20T19:31:35.838Z" }
wheels = [
    { url = "https://files.pythonhosted.org/packages/9f/56/13ab06b4f93ca7cac71078fbe37fcea175d3216f31f85c3168a6bbd0bb9a/flake8-7.3.0-py2.py3-none-any.whl", hash = "sha256:b9696257b9ce8beb888cdbe31cf885c90d31928fe202be0889a7cdafad32f01e", size = 57922, upload-time = "2025-06-20T19:31:34.425Z" },
]

[[package]]
name = "importlib-metadata"
version = "8.7.0"
source = { registry = "https://pypi.org/simple" }
dependencies = [
    { name = "zipp" },
]
sdist = { url = "https://files.pythonhosted.org/packages/76/66/650a33bd90f786193e4de4b3ad86ea60b53c89b669a5c7be931fac31cdb0/importlib_metadata-8.7.0.tar.gz", hash = "sha256:d13b81ad223b890aa16c5471f2ac3056cf76c5f10f82d6f9292f0b415f389000", size = 56641, upload-time = "2025-04-27T15:29:01.736Z" }
wheels = [
    { url = "https://files.pythonhosted.org/packages/20/b0/36bd937216ec521246249be3bf9855081de4c5e06a0c9b4219dbeda50373/importlib_metadata-8.7.0-py3-none-any.whl", hash = "sha256:e5dd1551894c77868a30651cef00984d50e1002d06942a7101d34870c5f02afd", size = 27656, upload-time = "2025-04-27T15:29:00.214Z" },
]

[[package]]
name = "iniconfig"
version = "2.1.0"
source = { registry = "https://pypi.org/simple" }
sdist = { url = "https://files.pythonhosted.org/packages/f2/97/ebf4da567aa6827c909642694d71c9fcf53e5b504f2d96afea02718862f3/iniconfig-2.1.0.tar.gz", hash = "sha256:3abbd2e30b36733fee78f9c7f7308f2d0050e88f0087fd25c2645f63c773e1c7", size = 4793, upload-time = "2025-03-19T20:09:59.721Z" }
wheels = [
    { url = "https://files.pythonhosted.org/packages/2c/e1/e6716421ea10d38022b952c159d5161ca1193197fb744506875fbb87ea7b/iniconfig-2.1.0-py3-none-any.whl", hash = "sha256:9deba5723312380e77435581c6bf4935c94cbfab9b1ed33ef8d238ea168eb760", size = 6050, upload-time = "2025-03-19T20:10:01.071Z" },
]

[[package]]
name = "isort"
version = "7.0.0"
source = { registry = "https://pypi.org/simple" }
sdist = { url = "https://files.pythonhosted.org/packages/63/53/4f3c058e3bace40282876f9b553343376ee687f3c35a525dc79dbd450f88/isort-7.0.0.tar.gz", hash = "sha256:5513527951aadb3ac4292a41a16cbc50dd1642432f5e8c20057d414bdafb4187", size = 805049, upload-time = "2025-10-11T13:30:59.107Z" }
wheels = [
    { url = "https://files.pythonhosted.org/packages/7f/ed/e3705d6d02b4f7aea715a353c8ce193efd0b5db13e204df895d38734c244/isort-7.0.0-py3-none-any.whl", hash = "sha256:1bcabac8bc3c36c7fb7b98a76c8abb18e0f841a3ba81decac7691008592499c1", size = 94672, upload-time = "2025-10-11T13:30:57.665Z" },
]

[[package]]
name = "mccabe"
version = "0.7.0"
source = { registry = "https://pypi.org/simple" }
sdist = { url = "https://files.pythonhosted.org/packages/e7/ff/0ffefdcac38932a54d2b5eed4e0ba8a408f215002cd178ad1df0f2806ff8/mccabe-0.7.0.tar.gz", hash = "sha256:348e0240c33b60bbdf4e523192ef919f28cb2c3d7d5c7794f74009290f236325", size = 9658, upload-time = "2022-01-24T01:14:51.113Z" }
wheels = [
    { url = "https://files.pythonhosted.org/packages/27/1a/1f68f9ba0c207934b35b86a8ca3aad8395a3d6dd7921c0686e23853ff5a9/mccabe-0.7.0-py2.py3-none-any.whl", hash = "sha256:6c2d30ab6be0e4a46919781807b4f0d834ebdd6c6e3dca0bda5a15f863427b6e", size = 7350, upload-time = "2022-01-24T01:14:49.62Z" },
]

[[package]]
name = "nodeenv"
version = "1.9.1"
source = { registry = "https://pypi.org/simple" }
sdist = { url = "https://files.pythonhosted.org/packages/43/16/fc88b08840de0e0a72a2f9d8c6bae36be573e475a6326ae854bcc549fc45/nodeenv-1.9.1.tar.gz", hash = "sha256:6ec12890a2dab7946721edbfbcd91f3319c6ccc9aec47be7c7e6b7011ee6645f", size = 47437, upload-time = "2024-06-04T18:44:11.171Z" }
wheels = [
    { url = "https://files.pythonhosted.org/packages/d2/1d/1b658dbd2b9fa9c4c9f32accbfc0205d532c8c6194dc0f2a4c0428e7128a/nodeenv-1.9.1-py2.py3-none-any.whl", hash = "sha256:ba11c9782d29c27c70ffbdda2d7415098754709be8a7056d79a737cd901155c9", size = 22314, upload-time = "2024-06-04T18:44:08.352Z" },
]

[[package]]
name = "opentelemetry-api"
version = "1.34.1"
source = { registry = "https://pypi.org/simple" }
dependencies = [
    { name = "importlib-metadata" },
    { name = "typing-extensions" },
]
sdist = { url = "https://files.pythonhosted.org/packages/4d/5e/94a8cb759e4e409022229418294e098ca7feca00eb3c467bb20cbd329bda/opentelemetry_api-1.34.1.tar.gz", hash = "sha256:64f0bd06d42824843731d05beea88d4d4b6ae59f9fe347ff7dfa2cc14233bbb3", size = 64987, upload-time = "2025-06-10T08:55:19.818Z" }
wheels = [
    { url = "https://files.pythonhosted.org/packages/a5/3a/2ba85557e8dc024c0842ad22c570418dc02c36cbd1ab4b832a93edf071b8/opentelemetry_api-1.34.1-py3-none-any.whl", hash = "sha256:b7df4cb0830d5a6c29ad0c0691dbae874d8daefa934b8b1d642de48323d32a8c", size = 65767, upload-time = "2025-06-10T08:54:56.717Z" },
]

[[package]]
name = "ops"
version = "3.5.1"
source = { registry = "https://pypi.org/simple" }
dependencies = [
    { name = "opentelemetry-api" },
    { name = "pyyaml" },
    { name = "websocket-client" },
]
sdist = { url = "https://files.pythonhosted.org/packages/72/d7/86b0b4db046221db85d8c8bc4c1df22aa3915b17081530f6c25ede7243e7/ops-3.5.1.tar.gz", hash = "sha256:376ef51d35d45b376795196851550e209565e922e58af8ac491cf23bc8b46498", size = 577928, upload-time = "2026-01-28T03:10:52.817Z" }
wheels = [
    { url = "https://files.pythonhosted.org/packages/59/77/e9ba7bd69917bf481dd8f3162ec37b028021d605f8e17a1fd05a5ec103e8/ops-3.5.1-py3-none-any.whl", hash = "sha256:890dd7bf33d1381afeed0e484d02c7bb13ad3945dcc7b723e8d73e4bba0ff94c", size = 211691, upload-time = "2026-01-28T03:10:48.778Z" },
]

[package.optional-dependencies]
testing = [
    { name = "ops-scenario" },
]

[[package]]
name = "ops-scenario"
version = "8.5.1"
source = { registry = "https://pypi.org/simple" }
dependencies = [
    { name = "ops" },
    { name = "pyyaml" },
    { name = "typing-extensions" },
]
sdist = { url = "https://files.pythonhosted.org/packages/bc/de/b6de767862bcdfce2e68eeedc578dd0b1332eb0a73af0da6ee9244c5b514/ops_scenario-8.5.1.tar.gz", hash = "sha256:9b9a3cd67b5704f58d17952ca9327d11391a3b3ce7daea26d040458165e1117f", size = 112317, upload-time = "2026-01-28T03:10:54.486Z" }
wheels = [
    { url = "https://files.pythonhosted.org/packages/bd/c3/5c84236fa8054ebad8b371582cecadfe9a03e77625176db37501a529f8d2/ops_scenario-8.5.1-py3-none-any.whl", hash = "sha256:909be01c223726019659b5454b4792c38b1d6ed5e8835d1d71794d6202b0f0ec", size = 64069, upload-time = "2026-01-28T03:10:50.077Z" },
]

[[package]]
name = "packaging"
version = "25.0"
source = { registry = "https://pypi.org/simple" }
sdist = { url = "https://files.pythonhosted.org/packages/a1/d4/1fc4078c65507b51b96ca8f8c3ba19e6a61c8253c72794544580a7b6c24d/packaging-25.0.tar.gz", hash = "sha256:d443872c98d677bf60f6a1f2f8c1cb748e8fe762d2bf9d3148b5599295b0fc4f", size = 165727, upload-time = "2025-04-19T11:48:59.673Z" }
wheels = [
    { url = "https://files.pythonhosted.org/packages/20/12/38679034af332785aac8774540895e234f4d07f7545804097de4b666afd8/packaging-25.0-py3-none-any.whl", hash = "sha256:29572ef2b1f17581046b3a2227d5c611fb25ec70ca1ba8554b24b0e69331a484", size = 66469, upload-time = "2025-04-19T11:48:57.875Z" },
]

[[package]]
name = "platformdirs"
version = "4.5.1"
source = { registry = "https://pypi.org/simple" }
sdist = { url = "https://files.pythonhosted.org/packages/cf/86/0248f086a84f01b37aaec0fa567b397df1a119f73c16f6c7a9aac73ea309/platformdirs-4.5.1.tar.gz", hash = "sha256:61d5cdcc6065745cdd94f0f878977f8de9437be93de97c1c12f853c9c0cdcbda", size = 21715, upload-time = "2025-12-05T13:52:58.638Z" }
wheels = [
    { url = "https://files.pythonhosted.org/packages/cb/28/3bfe2fa5a7b9c46fe7e13c97bda14c895fb10fa2ebf1d0abb90e0cea7ee1/platformdirs-4.5.1-py3-none-any.whl", hash = "sha256:d03afa3963c806a9bed9d5125c8f4cb2fdaf74a55ab60e5d59b3fde758104d31", size = 18731, upload-time = "2025-12-05T13:52:56.823Z" },
]

[[package]]
name = "pluggy"
version = "1.6.0"
source = { registry = "https://pypi.org/simple" }
sdist = { url = "https://files.pythonhosted.org/packages/f9/e2/3e91f31a7d2b083fe6ef3fa267035b518369d9511ffab804f839851d2779/pluggy-1.6.0.tar.gz", hash = "sha256:7dcc130b76258d33b90f61b658791dede3486c3e6bfb003ee5c9bfb396dd22f3", size = 69412, upload-time = "2025-05-15T12:30:07.975Z" }
wheels = [
    { url = "https://files.pythonhosted.org/packages/54/20/4d324d65cc6d9205fabedc306948156824eb9f0ee1633355a8f7ec5c66bf/pluggy-1.6.0-py3-none-any.whl", hash = "sha256:e920276dd6813095e9377c0bc5566d94c932c33b27a3e3945d8389c374dd4746", size = 20538, upload-time = "2025-05-15T12:30:06.134Z" },
]

[[package]]
name = "pycodestyle"
version = "2.14.0"
source = { registry = "https://pypi.org/simple" }
sdist = { url = "https://files.pythonhosted.org/packages/11/e0/abfd2a0d2efe47670df87f3e3a0e2edda42f055053c85361f19c0e2c1ca8/pycodestyle-2.14.0.tar.gz", hash = "sha256:c4b5b517d278089ff9d0abdec919cd97262a3367449ea1c8b49b91529167b783", size = 39472, upload-time = "2025-06-20T18:49:48.75Z" }
wheels = [
    { url = "https://files.pythonhosted.org/packages/d7/27/a58ddaf8c588a3ef080db9d0b7e0b97215cee3a45df74f3a94dbbf5c893a/pycodestyle-2.14.0-py2.py3-none-any.whl", hash = "sha256:dd6bf7cb4ee77f8e016f9c8e74a35ddd9f67e1d5fd4184d86c3b98e07099f42d", size = 31594, upload-time = "2025-06-20T18:49:47.491Z" },
]

[[package]]
name = "pyfakefs"
version = "5.9.1"
source = { registry = "https://pypi.org/simple" }
sdist = { url = "https://files.pythonhosted.org/packages/73/89/cb396a7aef5c76013cb44efd778ba3d89953b1d64304bf2d684a1d4ae06a/pyfakefs-5.9.1.tar.gz", hash = "sha256:ca02a1441dc77d7512bebfe4224b32f2127e83c45672f5fe2c02c33d4284bc70", size = 230395, upload-time = "2025-06-23T19:54:59.85Z" }
wheels = [
    { url = "https://files.pythonhosted.org/packages/4c/64/353b1a119c688d06a0be07312a3bb17154b63f95ebf8f2da625be765bb20/pyfakefs-5.9.1-py3-none-any.whl", hash = "sha256:b3c1f391f1990112ff6b0642182e75f07a6d7fcd81cf1357277680bf6c9b8a84", size = 244717, upload-time = "2025-06-23T19:54:57.66Z" },
]

[[package]]
name = "pyflakes"
version = "3.4.0"
source = { registry = "https://pypi.org/simple" }
sdist = { url = "https://files.pythonhosted.org/packages/45/dc/fd034dc20b4b264b3d015808458391acbf9df40b1e54750ef175d39180b1/pyflakes-3.4.0.tar.gz", hash = "sha256:b24f96fafb7d2ab0ec5075b7350b3d2d2218eab42003821c06344973d3ea2f58", size = 64669, upload-time = "2025-06-20T18:45:27.834Z" }
wheels = [
    { url = "https://files.pythonhosted.org/packages/c2/2f/81d580a0fb83baeb066698975cb14a618bdbed7720678566f1b046a95fe8/pyflakes-3.4.0-py2.py3-none-any.whl", hash = "sha256:f742a7dbd0d9cb9ea41e9a24a918996e8170c799fa528688d40dd582c8265f4f", size = 63551, upload-time = "2025-06-20T18:45:26.937Z" },
]

[[package]]
name = "pygments"
version = "2.19.1"
source = { registry = "https://pypi.org/simple" }
sdist = { url = "https://files.pythonhosted.org/packages/7c/2d/c3338d48ea6cc0feb8446d8e6937e1408088a72a39937982cc6111d17f84/pygments-2.19.1.tar.gz", hash = "sha256:61c16d2a8576dc0649d9f39e089b5f02bcd27fba10d8fb4dcc28173f7a45151f", size = 4968581, upload-time = "2025-01-06T17:26:30.443Z" }
wheels = [
    { url = "https://files.pythonhosted.org/packages/8a/0b/9fcc47d19c48b59121088dd6da2488a49d5f72dacf8262e2790a1d2c7d15/pygments-2.19.1-py3-none-any.whl", hash = "sha256:9ea1544ad55cecf4b8242fab6dd35a93bbce657034b0611ee383099054ab6d8c", size = 1225293, upload-time = "2025-01-06T17:26:25.553Z" },
]

[[package]]
name = "pylint"
version = "4.0.4"
source = { registry = "https://pypi.org/simple" }
dependencies = [
    { name = "astroid" },
    { name = "colorama", marker = "sys_platform == 'win32'" },
    { name = "dill" },
    { name = "isort" },
    { name = "mccabe" },
    { name = "platformdirs" },
    { name = "tomlkit" },
]
sdist = { url = "https://files.pythonhosted.org/packages/5a/d2/b081da1a8930d00e3fc06352a1d449aaf815d4982319fab5d8cdb2e9ab35/pylint-4.0.4.tar.gz", hash = "sha256:d9b71674e19b1c36d79265b5887bf8e55278cbe236c9e95d22dc82cf044fdbd2", size = 1571735, upload-time = "2025-11-30T13:29:04.315Z" }
wheels = [
    { url = "https://files.pythonhosted.org/packages/a6/92/d40f5d937517cc489ad848fc4414ecccc7592e4686b9071e09e64f5e378e/pylint-4.0.4-py3-none-any.whl", hash = "sha256:63e06a37d5922555ee2c20963eb42559918c20bd2b21244e4ef426e7c43b92e0", size = 536425, upload-time = "2025-11-30T13:29:02.53Z" },
]

[[package]]
name = "pyright"
version = "1.1.402"
source = { registry = "https://pypi.org/simple" }
dependencies = [
    { name = "nodeenv" },
    { name = "typing-extensions" },
]
sdist = { url = "https://files.pythonhosted.org/packages/aa/04/ce0c132d00e20f2d2fb3b3e7c125264ca8b909e693841210534b1ea1752f/pyright-1.1.402.tar.gz", hash = "sha256:85a33c2d40cd4439c66aa946fd4ce71ab2f3f5b8c22ce36a623f59ac22937683", size = 3888207, upload-time = "2025-06-11T08:48:35.759Z" }
wheels = [
    { url = "https://files.pythonhosted.org/packages/fe/37/1a1c62d955e82adae588be8e374c7f77b165b6cb4203f7d581269959abbc/pyright-1.1.402-py3-none-any.whl", hash = "sha256:2c721f11869baac1884e846232800fe021c33f1b4acb3929cff321f7ea4e2982", size = 5624004, upload-time = "2025-06-11T08:48:33.998Z" },
]

[[package]]
name = "pytest"
version = "8.4.0"
source = { registry = "https://pypi.org/simple" }
dependencies = [
    { name = "colorama", marker = "sys_platform == 'win32'" },
    { name = "iniconfig" },
    { name = "packaging" },
    { name = "pluggy" },
    { name = "pygments" },
]
sdist = { url = "https://files.pythonhosted.org/packages/fb/aa/405082ce2749be5398045152251ac69c0f3578c7077efc53431303af97ce/pytest-8.4.0.tar.gz", hash = "sha256:14d920b48472ea0dbf68e45b96cd1ffda4705f33307dcc86c676c1b5104838a6", size = 1515232, upload-time = "2025-06-02T17:36:30.03Z" }
wheels = [
    { url = "https://files.pythonhosted.org/packages/2f/de/afa024cbe022b1b318a3d224125aa24939e99b4ff6f22e0ba639a2eaee47/pytest-8.4.0-py3-none-any.whl", hash = "sha256:f40f825768ad76c0977cbacdf1fd37c6f7a468e460ea6a0636078f8972d4517e", size = 363797, upload-time = "2025-06-02T17:36:27.859Z" },
]

[[package]]
name = "pytest-mock"
version = "3.14.1"
source = { registry = "https://pypi.org/simple" }
dependencies = [
    { name = "pytest" },
]
sdist = { url = "https://files.pythonhosted.org/packages/71/28/67172c96ba684058a4d24ffe144d64783d2a270d0af0d9e792737bddc75c/pytest_mock-3.14.1.tar.gz", hash = "sha256:159e9edac4c451ce77a5cdb9fc5d1100708d2dd4ba3c3df572f14097351af80e", size = 33241, upload-time = "2025-05-26T13:58:45.167Z" }
wheels = [
    { url = "https://files.pythonhosted.org/packages/b2/05/77b60e520511c53d1c1ca75f1930c7dd8e971d0c4379b7f4b3f9644685ba/pytest_mock-3.14.1-py3-none-any.whl", hash = "sha256:178aefcd11307d874b4cd3100344e7e2d888d9791a6a1d9bfe90fbc1b74fd1d0", size = 9923, upload-time = "2025-05-26T13:58:43.487Z" },
]

[[package]]
name = "pytest-order"
version = "1.3.0"
source = { registry = "https://pypi.org/simple" }
dependencies = [
    { name = "pytest" },
]
sdist = { url = "https://files.pythonhosted.org/packages/1d/66/02ae17461b14a52ce5a29ae2900156b9110d1de34721ccc16ccd79419876/pytest_order-1.3.0.tar.gz", hash = "sha256:51608fec3d3ee9c0adaea94daa124a5c4c1d2bb99b00269f098f414307f23dde", size = 47544, upload-time = "2024-08-22T12:29:54.512Z" }
wheels = [
    { url = "https://files.pythonhosted.org/packages/1b/73/59b038d1aafca89f8e9936eaa8ffa6bb6138d00459d13a32ce070be4f280/pytest_order-1.3.0-py3-none-any.whl", hash = "sha256:2cd562a21380345dd8d5774aa5fd38b7849b6ee7397ca5f6999bbe6e89f07f6e", size = 14609, upload-time = "2024-08-22T12:29:53.156Z" },
]

[[package]]
name = "python-dotenv"
version = "1.1.1"
source = { registry = "https://pypi.org/simple" }
sdist = { url = "https://files.pythonhosted.org/packages/f6/b0/4bc07ccd3572a2f9df7e6782f52b0c6c90dcbb803ac4a167702d7d0dfe1e/python_dotenv-1.1.1.tar.gz", hash = "sha256:a8a6399716257f45be6a007360200409fce5cda2661e3dec71d23dc15f6189ab", size = 41978, upload-time = "2025-06-24T04:21:07.341Z" }
wheels = [
    { url = "https://files.pythonhosted.org/packages/5f/ed/539768cf28c661b5b068d66d96a2f155c4971a5d55684a514c1a0e0dec2f/python_dotenv-1.1.1-py3-none-any.whl", hash = "sha256:31f23644fe2602f88ff55e1f5c79ba497e01224ee7737937930c448e4d0e24dc", size = 20556, upload-time = "2025-06-24T04:21:06.073Z" },
]

[[package]]
name = "pyyaml"
version = "6.0.2"
source = { registry = "https://pypi.org/simple" }
sdist = { url = "https://files.pythonhosted.org/packages/54/ed/79a089b6be93607fa5cdaedf301d7dfb23af5f25c398d5ead2525b063e17/pyyaml-6.0.2.tar.gz", hash = "sha256:d584d9ec91ad65861cc08d42e834324ef890a082e591037abe114850ff7bbc3e", size = 130631, upload-time = "2024-08-06T20:33:50.674Z" }
wheels = [
    { url = "https://files.pythonhosted.org/packages/86/0c/c581167fc46d6d6d7ddcfb8c843a4de25bdd27e4466938109ca68492292c/PyYAML-6.0.2-cp312-cp312-macosx_10_9_x86_64.whl", hash = "sha256:c70c95198c015b85feafc136515252a261a84561b7b1d51e3384e0655ddf25ab", size = 183873, upload-time = "2024-08-06T20:32:25.131Z" },
    { url = "https://files.pythonhosted.org/packages/a8/0c/38374f5bb272c051e2a69281d71cba6fdb983413e6758b84482905e29a5d/PyYAML-6.0.2-cp312-cp312-macosx_11_0_arm64.whl", hash = "sha256:ce826d6ef20b1bc864f0a68340c8b3287705cae2f8b4b1d932177dcc76721725", size = 173302, upload-time = "2024-08-06T20:32:26.511Z" },
    { url = "https://files.pythonhosted.org/packages/c3/93/9916574aa8c00aa06bbac729972eb1071d002b8e158bd0e83a3b9a20a1f7/PyYAML-6.0.2-cp312-cp312-manylinux_2_17_aarch64.manylinux2014_aarch64.whl", hash = "sha256:1f71ea527786de97d1a0cc0eacd1defc0985dcf6b3f17bb77dcfc8c34bec4dc5", size = 739154, upload-time = "2024-08-06T20:32:28.363Z" },
    { url = "https://files.pythonhosted.org/packages/95/0f/b8938f1cbd09739c6da569d172531567dbcc9789e0029aa070856f123984/PyYAML-6.0.2-cp312-cp312-manylinux_2_17_s390x.manylinux2014_s390x.whl", hash = "sha256:9b22676e8097e9e22e36d6b7bda33190d0d400f345f23d4065d48f4ca7ae0425", size = 766223, upload-time = "2024-08-06T20:32:30.058Z" },
    { url = "https://files.pythonhosted.org/packages/b9/2b/614b4752f2e127db5cc206abc23a8c19678e92b23c3db30fc86ab731d3bd/PyYAML-6.0.2-cp312-cp312-manylinux_2_17_x86_64.manylinux2014_x86_64.whl", hash = "sha256:80bab7bfc629882493af4aa31a4cfa43a4c57c83813253626916b8c7ada83476", size = 767542, upload-time = "2024-08-06T20:32:31.881Z" },
    { url = "https://files.pythonhosted.org/packages/d4/00/dd137d5bcc7efea1836d6264f049359861cf548469d18da90cd8216cf05f/PyYAML-6.0.2-cp312-cp312-musllinux_1_1_aarch64.whl", hash = "sha256:0833f8694549e586547b576dcfaba4a6b55b9e96098b36cdc7ebefe667dfed48", size = 731164, upload-time = "2024-08-06T20:32:37.083Z" },
    { url = "https://files.pythonhosted.org/packages/c9/1f/4f998c900485e5c0ef43838363ba4a9723ac0ad73a9dc42068b12aaba4e4/PyYAML-6.0.2-cp312-cp312-musllinux_1_1_x86_64.whl", hash = "sha256:8b9c7197f7cb2738065c481a0461e50ad02f18c78cd75775628afb4d7137fb3b", size = 756611, upload-time = "2024-08-06T20:32:38.898Z" },
    { url = "https://files.pythonhosted.org/packages/df/d1/f5a275fdb252768b7a11ec63585bc38d0e87c9e05668a139fea92b80634c/PyYAML-6.0.2-cp312-cp312-win32.whl", hash = "sha256:ef6107725bd54b262d6dedcc2af448a266975032bc85ef0172c5f059da6325b4", size = 140591, upload-time = "2024-08-06T20:32:40.241Z" },
    { url = "https://files.pythonhosted.org/packages/0c/e8/4f648c598b17c3d06e8753d7d13d57542b30d56e6c2dedf9c331ae56312e/PyYAML-6.0.2-cp312-cp312-win_amd64.whl", hash = "sha256:7e7401d0de89a9a855c839bc697c079a4af81cf878373abd7dc625847d25cbd8", size = 156338, upload-time = "2024-08-06T20:32:41.93Z" },
    { url = "https://files.pythonhosted.org/packages/ef/e3/3af305b830494fa85d95f6d95ef7fa73f2ee1cc8ef5b495c7c3269fb835f/PyYAML-6.0.2-cp313-cp313-macosx_10_13_x86_64.whl", hash = "sha256:efdca5630322a10774e8e98e1af481aad470dd62c3170801852d752aa7a783ba", size = 181309, upload-time = "2024-08-06T20:32:43.4Z" },
    { url = "https://files.pythonhosted.org/packages/45/9f/3b1c20a0b7a3200524eb0076cc027a970d320bd3a6592873c85c92a08731/PyYAML-6.0.2-cp313-cp313-macosx_11_0_arm64.whl", hash = "sha256:50187695423ffe49e2deacb8cd10510bc361faac997de9efef88badc3bb9e2d1", size = 171679, upload-time = "2024-08-06T20:32:44.801Z" },
    { url = "https://files.pythonhosted.org/packages/7c/9a/337322f27005c33bcb656c655fa78325b730324c78620e8328ae28b64d0c/PyYAML-6.0.2-cp313-cp313-manylinux_2_17_aarch64.manylinux2014_aarch64.whl", hash = "sha256:0ffe8360bab4910ef1b9e87fb812d8bc0a308b0d0eef8c8f44e0254ab3b07133", size = 733428, upload-time = "2024-08-06T20:32:46.432Z" },
    { url = "https://files.pythonhosted.org/packages/a3/69/864fbe19e6c18ea3cc196cbe5d392175b4cf3d5d0ac1403ec3f2d237ebb5/PyYAML-6.0.2-cp313-cp313-manylinux_2_17_s390x.manylinux2014_s390x.whl", hash = "sha256:17e311b6c678207928d649faa7cb0d7b4c26a0ba73d41e99c4fff6b6c3276484", size = 763361, upload-time = "2024-08-06T20:32:51.188Z" },
    { url = "https://files.pythonhosted.org/packages/04/24/b7721e4845c2f162d26f50521b825fb061bc0a5afcf9a386840f23ea19fa/PyYAML-6.0.2-cp313-cp313-manylinux_2_17_x86_64.manylinux2014_x86_64.whl", hash = "sha256:70b189594dbe54f75ab3a1acec5f1e3faa7e8cf2f1e08d9b561cb41b845f69d5", size = 759523, upload-time = "2024-08-06T20:32:53.019Z" },
    { url = "https://files.pythonhosted.org/packages/2b/b2/e3234f59ba06559c6ff63c4e10baea10e5e7df868092bf9ab40e5b9c56b6/PyYAML-6.0.2-cp313-cp313-musllinux_1_1_aarch64.whl", hash = "sha256:41e4e3953a79407c794916fa277a82531dd93aad34e29c2a514c2c0c5fe971cc", size = 726660, upload-time = "2024-08-06T20:32:54.708Z" },
    { url = "https://files.pythonhosted.org/packages/fe/0f/25911a9f080464c59fab9027482f822b86bf0608957a5fcc6eaac85aa515/PyYAML-6.0.2-cp313-cp313-musllinux_1_1_x86_64.whl", hash = "sha256:68ccc6023a3400877818152ad9a1033e3db8625d899c72eacb5a668902e4d652", size = 751597, upload-time = "2024-08-06T20:32:56.985Z" },
    { url = "https://files.pythonhosted.org/packages/14/0d/e2c3b43bbce3cf6bd97c840b46088a3031085179e596d4929729d8d68270/PyYAML-6.0.2-cp313-cp313-win32.whl", hash = "sha256:bc2fa7c6b47d6bc618dd7fb02ef6fdedb1090ec036abab80d4681424b84c1183", size = 140527, upload-time = "2024-08-06T20:33:03.001Z" },
    { url = "https://files.pythonhosted.org/packages/fa/de/02b54f42487e3d3c6efb3f89428677074ca7bf43aae402517bc7cca949f3/PyYAML-6.0.2-cp313-cp313-win_amd64.whl", hash = "sha256:8388ee1976c416731879ac16da0aff3f63b286ffdd57cdeb95f3f2e085687563", size = 156446, upload-time = "2024-08-06T20:33:04.33Z" },
]

[[package]]
name = "ruff"
version = "0.11.13"
source = { registry = "https://pypi.org/simple" }
sdist = { url = "https://files.pythonhosted.org/packages/ed/da/9c6f995903b4d9474b39da91d2d626659af3ff1eeb43e9ae7c119349dba6/ruff-0.11.13.tar.gz", hash = "sha256:26fa247dc68d1d4e72c179e08889a25ac0c7ba4d78aecfc835d49cbfd60bf514", size = 4282054, upload-time = "2025-06-05T21:00:15.721Z" }
wheels = [
    { url = "https://files.pythonhosted.org/packages/7d/ce/a11d381192966e0b4290842cc8d4fac7dc9214ddf627c11c1afff87da29b/ruff-0.11.13-py3-none-linux_armv6l.whl", hash = "sha256:4bdfbf1240533f40042ec00c9e09a3aade6f8c10b6414cf11b519488d2635d46", size = 10292516, upload-time = "2025-06-05T20:59:32.944Z" },
    { url = "https://files.pythonhosted.org/packages/78/db/87c3b59b0d4e753e40b6a3b4a2642dfd1dcaefbff121ddc64d6c8b47ba00/ruff-0.11.13-py3-none-macosx_10_12_x86_64.whl", hash = "sha256:aef9c9ed1b5ca28bb15c7eac83b8670cf3b20b478195bd49c8d756ba0a36cf48", size = 11106083, upload-time = "2025-06-05T20:59:37.03Z" },
    { url = "https://files.pythonhosted.org/packages/77/79/d8cec175856ff810a19825d09ce700265f905c643c69f45d2b737e4a470a/ruff-0.11.13-py3-none-macosx_11_0_arm64.whl", hash = "sha256:53b15a9dfdce029c842e9a5aebc3855e9ab7771395979ff85b7c1dedb53ddc2b", size = 10436024, upload-time = "2025-06-05T20:59:39.741Z" },
    { url = "https://files.pythonhosted.org/packages/8b/5b/f6d94f2980fa1ee854b41568368a2e1252681b9238ab2895e133d303538f/ruff-0.11.13-py3-none-manylinux_2_17_aarch64.manylinux2014_aarch64.whl", hash = "sha256:ab153241400789138d13f362c43f7edecc0edfffce2afa6a68434000ecd8f69a", size = 10646324, upload-time = "2025-06-05T20:59:42.185Z" },
    { url = "https://files.pythonhosted.org/packages/6c/9c/b4c2acf24ea4426016d511dfdc787f4ce1ceb835f3c5fbdbcb32b1c63bda/ruff-0.11.13-py3-none-manylinux_2_17_armv7l.manylinux2014_armv7l.whl", hash = "sha256:6c51f93029d54a910d3d24f7dd0bb909e31b6cd989a5e4ac513f4eb41629f0dc", size = 10174416, upload-time = "2025-06-05T20:59:44.319Z" },
    { url = "https://files.pythonhosted.org/packages/f3/10/e2e62f77c65ede8cd032c2ca39c41f48feabedb6e282bfd6073d81bb671d/ruff-0.11.13-py3-none-manylinux_2_17_i686.manylinux2014_i686.whl", hash = "sha256:1808b3ed53e1a777c2ef733aca9051dc9bf7c99b26ece15cb59a0320fbdbd629", size = 11724197, upload-time = "2025-06-05T20:59:46.935Z" },
    { url = "https://files.pythonhosted.org/packages/bb/f0/466fe8469b85c561e081d798c45f8a1d21e0b4a5ef795a1d7f1a9a9ec182/ruff-0.11.13-py3-none-manylinux_2_17_ppc64.manylinux2014_ppc64.whl", hash = "sha256:d28ce58b5ecf0f43c1b71edffabe6ed7f245d5336b17805803312ec9bc665933", size = 12511615, upload-time = "2025-06-05T20:59:49.534Z" },
    { url = "https://files.pythonhosted.org/packages/17/0e/cefe778b46dbd0cbcb03a839946c8f80a06f7968eb298aa4d1a4293f3448/ruff-0.11.13-py3-none-manylinux_2_17_ppc64le.manylinux2014_ppc64le.whl", hash = "sha256:55e4bc3a77842da33c16d55b32c6cac1ec5fb0fbec9c8c513bdce76c4f922165", size = 12117080, upload-time = "2025-06-05T20:59:51.654Z" },
    { url = "https://files.pythonhosted.org/packages/5d/2c/caaeda564cbe103bed145ea557cb86795b18651b0f6b3ff6a10e84e5a33f/ruff-0.11.13-py3-none-manylinux_2_17_s390x.manylinux2014_s390x.whl", hash = "sha256:633bf2c6f35678c56ec73189ba6fa19ff1c5e4807a78bf60ef487b9dd272cc71", size = 11326315, upload-time = "2025-06-05T20:59:54.469Z" },
    { url = "https://files.pythonhosted.org/packages/75/f0/782e7d681d660eda8c536962920c41309e6dd4ebcea9a2714ed5127d44bd/ruff-0.11.13-py3-none-manylinux_2_17_x86_64.manylinux2014_x86_64.whl", hash = "sha256:4ffbc82d70424b275b089166310448051afdc6e914fdab90e08df66c43bb5ca9", size = 11555640, upload-time = "2025-06-05T20:59:56.986Z" },
    { url = "https://files.pythonhosted.org/packages/5d/d4/3d580c616316c7f07fb3c99dbecfe01fbaea7b6fd9a82b801e72e5de742a/ruff-0.11.13-py3-none-musllinux_1_2_aarch64.whl", hash = "sha256:4a9ddd3ec62a9a89578c85842b836e4ac832d4a2e0bfaad3b02243f930ceafcc", size = 10507364, upload-time = "2025-06-05T20:59:59.154Z" },
    { url = "https://files.pythonhosted.org/packages/5a/dc/195e6f17d7b3ea6b12dc4f3e9de575db7983db187c378d44606e5d503319/ruff-0.11.13-py3-none-musllinux_1_2_armv7l.whl", hash = "sha256:d237a496e0778d719efb05058c64d28b757c77824e04ffe8796c7436e26712b7", size = 10141462, upload-time = "2025-06-05T21:00:01.481Z" },
    { url = "https://files.pythonhosted.org/packages/f4/8e/39a094af6967faa57ecdeacb91bedfb232474ff8c3d20f16a5514e6b3534/ruff-0.11.13-py3-none-musllinux_1_2_i686.whl", hash = "sha256:26816a218ca6ef02142343fd24c70f7cd8c5aa6c203bca284407adf675984432", size = 11121028, upload-time = "2025-06-05T21:00:04.06Z" },
    { url = "https://files.pythonhosted.org/packages/5a/c0/b0b508193b0e8a1654ec683ebab18d309861f8bd64e3a2f9648b80d392cb/ruff-0.11.13-py3-none-musllinux_1_2_x86_64.whl", hash = "sha256:51c3f95abd9331dc5b87c47ac7f376db5616041173826dfd556cfe3d4977f492", size = 11602992, upload-time = "2025-06-05T21:00:06.249Z" },
    { url = "https://files.pythonhosted.org/packages/7c/91/263e33ab93ab09ca06ce4f8f8547a858cc198072f873ebc9be7466790bae/ruff-0.11.13-py3-none-win32.whl", hash = "sha256:96c27935418e4e8e77a26bb05962817f28b8ef3843a6c6cc49d8783b5507f250", size = 10474944, upload-time = "2025-06-05T21:00:08.459Z" },
    { url = "https://files.pythonhosted.org/packages/46/f4/7c27734ac2073aae8efb0119cae6931b6fb48017adf048fdf85c19337afc/ruff-0.11.13-py3-none-win_amd64.whl", hash = "sha256:29c3189895a8a6a657b7af4e97d330c8a3afd2c9c8f46c81e2fc5a31866517e3", size = 11548669, upload-time = "2025-06-05T21:00:11.147Z" },
    { url = "https://files.pythonhosted.org/packages/ec/bf/b273dd11673fed8a6bd46032c0ea2a04b2ac9bfa9c628756a5856ba113b0/ruff-0.11.13-py3-none-win_arm64.whl", hash = "sha256:b4385285e9179d608ff1d2fb9922062663c658605819a6876d8beef0c30b7f3b", size = 10683928, upload-time = "2025-06-05T21:00:13.758Z" },
]

[[package]]
name = "tomlkit"
version = "0.14.0"
source = { registry = "https://pypi.org/simple" }
sdist = { url = "https://files.pythonhosted.org/packages/c3/af/14b24e41977adb296d6bd1fb59402cf7d60ce364f90c890bd2ec65c43b5a/tomlkit-0.14.0.tar.gz", hash = "sha256:cf00efca415dbd57575befb1f6634c4f42d2d87dbba376128adb42c121b87064", size = 187167, upload-time = "2026-01-13T01:14:53.304Z" }
wheels = [
    { url = "https://files.pythonhosted.org/packages/b5/11/87d6d29fb5d237229d67973a6c9e06e048f01cf4994dee194ab0ea841814/tomlkit-0.14.0-py3-none-any.whl", hash = "sha256:592064ed85b40fa213469f81ac584f67a4f2992509a7c3ea2d632208623a3680", size = 39310, upload-time = "2026-01-13T01:14:51.965Z" },
]

[[package]]
name = "typing-extensions"
version = "4.12.2"
source = { registry = "https://pypi.org/simple" }
sdist = { url = "https://files.pythonhosted.org/packages/df/db/f35a00659bc03fec321ba8bce9420de607a1d37f8342eee1863174c69557/typing_extensions-4.12.2.tar.gz", hash = "sha256:1a7ead55c7e559dd4dee8856e3a88b41225abfe1ce8df57b7c13915fe121ffb8", size = 85321, upload-time = "2024-06-07T18:52:15.995Z" }
wheels = [
    { url = "https://files.pythonhosted.org/packages/26/9f/ad63fc0248c5379346306f8668cda6e2e2e9c95e01216d2b8ffd9ff037d0/typing_extensions-4.12.2-py3-none-any.whl", hash = "sha256:04e5ca0351e0f3f85c6853954072df659d0d13fac324d0072316b67d7794700d", size = 37438, upload-time = "2024-06-07T18:52:13.582Z" },
]

[[package]]
name = "websocket-client"
version = "1.8.0"
source = { registry = "https://pypi.org/simple" }
sdist = { url = "https://files.pythonhosted.org/packages/e6/30/fba0d96b4b5fbf5948ed3f4681f7da2f9f64512e1d303f94b4cc174c24a5/websocket_client-1.8.0.tar.gz", hash = "sha256:3239df9f44da632f96012472805d40a23281a991027ce11d2f45a6f24ac4c3da", size = 54648, upload-time = "2024-04-23T22:16:16.976Z" }
wheels = [
    { url = "https://files.pythonhosted.org/packages/5a/84/44687a29792a70e111c5c477230a72c4b957d88d16141199bf9acb7537a3/websocket_client-1.8.0-py3-none-any.whl", hash = "sha256:17b44cc997f5c498e809b22cdf2d9c7a9e71c02c8cc2b6c56e7c2d1239bfa526", size = 58826, upload-time = "2024-04-23T22:16:14.422Z" },
]

[[package]]
name = "zipp"
version = "3.23.0"
source = { registry = "https://pypi.org/simple" }
sdist = { url = "https://files.pythonhosted.org/packages/e3/02/0f2892c661036d50ede074e376733dca2ae7c6eb617489437771209d4180/zipp-3.23.0.tar.gz", hash = "sha256:a07157588a12518c9d4034df3fbbee09c814741a33ff63c05fa29d26a2404166", size = 25547, upload-time = "2025-06-08T17:06:39.4Z" }
wheels = [
    { url = "https://files.pythonhosted.org/packages/2e/54/647ade08bf0db230bfea292f893923872fd20be6ac6f53b2b936ba839d75/zipp-3.23.0-py3-none-any.whl", hash = "sha256:071652d6115ed432f5ce1d34c336c0adfd6a884660d1e9712a256d3d3bd4b14e", size = 10276, upload-time = "2025-06-08T17:06:38.034Z" },
]
